
Microsoft Visual Studio Solution File, Format Version 12.00
# Visual Studio 15
VisualStudioVersion = 15.0.28010.2016
MinimumVisualStudioVersion = 10.0.40219.1
Project("{FAE04EC0-301F-11D3-BF4B-00C04F79EFBC}") = "SimpleCustomerSurveyApp", "SimpleCustomerSurveyApp\SimpleCustomerSurveyApp.csproj", "{6E77FAED-2361-4626-B021-2B1045E541FA}"
EndProject
Project("{FAE04EC0-301F-11D3-BF4B-00C04F79EFBC}") = "InfrastructureLayer", "InfrastructureLayer\InfrastructureLayer.csproj", "{D55CC74A-F778-4A02-8500-479733AF8902}"
EndProject
Project("{FAE04EC0-301F-11D3-BF4B-00C04F79EFBC}") = "DomainLayer", "DomainLayer\DomainLayer.csproj", "{71A446ED-B268-4947-B084-F624B030163A}"
EndProject
Global
	GlobalSection(SolutionConfigurationPlatforms) = preSolution
		Debug|Any CPU = Debug|Any CPU
		Release|Any CPU = Release|Any CPU
	EndGlobalSection
	GlobalSection(ProjectConfigurationPlatforms) = postSolution
		{6E77FAED-2361-4626-B021-2B1045E541FA}.Debug|Any CPU.ActiveCfg = Debug|Any CPU
		{6E77FAED-2361-4626-B021-2B1045E541FA}.Debug|Any CPU.Build.0 = Debug|Any CPU
		{6E77FAED-2361-4626-B021-2B1045E541FA}.Release|Any CPU.ActiveCfg = Release|Any CPU
		{6E77FAED-2361-4626-B021-2B1045E541FA}.Release|Any CPU.Build.0 = Release|Any CPU
		{D55CC74A-F778-4A02-8500-479733AF8902}.Debug|Any CPU.ActiveCfg = Debug|Any CPU
		{D55CC74A-F778-4A02-8500-479733AF8902}.Debug|Any CPU.Build.0 = Debug|Any CPU
		{D55CC74A-F778-4A02-8500-479733AF8902}.Release|Any CPU.ActiveCfg = Release|Any CPU
		{D55CC74A-F778-4A02-8500-479733AF8902}.Release|Any CPU.Build.0 = Release|Any CPU
		{71A446ED-B268-4947-B084-F624B030163A}.Debug|Any CPU.ActiveCfg = Debug|Any CPU
		{71A446ED-B268-4947-B084-F624B030163A}.Debug|Any CPU.Build.0 = Debug|Any CPU
		{71A446ED-B268-4947-B084-F624B030163A}.Release|Any CPU.ActiveCfg = Release|Any CPU
		{71A446ED-B268-4947-B084-F624B030163A}.Release|Any CPU.Build.0 = Release|Any CPU
	EndGlobalSection
	GlobalSection(SolutionProperties) = preSolution
		HideSolutionNode = FALSE
	EndGlobalSection
	GlobalSection(ExtensibilityGlobals) = postSolution
		SolutionGuid = {83259249-85B7-4C33-8087-2B234EFAB680}
	EndGlobalSection
EndGlobal
